// !$*UTF8*$!
{
	archiveVersion = 1;
	classes = {
	};
	objectVersion = 46;
	objects = {

/* Begin PBXBuildFile section */
		4C14DC7A195EB6A10012C0AD /* MGFriendsExpandView.m in Sources */ = {isa = PBXBuildFile; fileRef = 4C14DC77195EB6A10012C0AD /* MGFriendsExpandView.m */; };
		4C14DC7B195EB6A10012C0AD /* MGFriendsExpandViewController.m in Sources */ = {isa = PBXBuildFile; fileRef = 4C14DC79195EB6A10012C0AD /* MGFriendsExpandViewController.m */; };
		84695FD5195E695B00C762B9 /* Foundation.framework in Frameworks */ = {isa = PBXBuildFile; fileRef = 84695FD4195E695B00C762B9 /* Foundation.framework */; };
		84695FD7195E695B00C762B9 /* CoreGraphics.framework in Frameworks */ = {isa = PBXBuildFile; fileRef = 84695FD6195E695B00C762B9 /* CoreGraphics.framework */; };
		84695FD9195E695B00C762B9 /* UIKit.framework in Frameworks */ = {isa = PBXBuildFile; fileRef = 84695FD8195E695B00C762B9 /* UIKit.framework */; };
		84695FDF195E695B00C762B9 /* InfoPlist.strings in Resources */ = {isa = PBXBuildFile; fileRef = 84695FDD195E695B00C762B9 /* InfoPlist.strings */; };
		84695FE1195E695B00C762B9 /* main.m in Sources */ = {isa = PBXBuildFile; fileRef = 84695FE0195E695B00C762B9 /* main.m */; };
		84695FE5195E695B00C762B9 /* MGAppDelegate.m in Sources */ = {isa = PBXBuildFile; fileRef = 84695FE4195E695B00C762B9 /* MGAppDelegate.m */; };
		84695FE8195E695B00C762B9 /* Main.storyboard in Resources */ = {isa = PBXBuildFile; fileRef = 84695FE6195E695B00C762B9 /* Main.storyboard */; };
		84695FEB195E695B00C762B9 /* MGViewController.m in Sources */ = {isa = PBXBuildFile; fileRef = 84695FEA195E695B00C762B9 /* MGViewController.m */; };
		84695FED195E695B00C762B9 /* Images.xcassets in Resources */ = {isa = PBXBuildFile; fileRef = 84695FEC195E695B00C762B9 /* Images.xcassets */; };
		8469600C195E69F900C762B9 /* SessionHelper.m in Sources */ = {isa = PBXBuildFile; fileRef = 8469600B195E69F900C762B9 /* SessionHelper.m */; };
		84696010195E8E0B00C762B9 /* MGRoomViewController.m in Sources */ = {isa = PBXBuildFile; fileRef = 8469600F195E8E0B00C762B9 /* MGRoomViewController.m */; };
		D47D9156195EA32B00401724 /* MGHappyShakeViewController.m in Sources */ = {isa = PBXBuildFile; fileRef = D47D9154195EA32B00401724 /* MGHappyShakeViewController.m */; };
		D47D9157195EA32B00401724 /* MGHappyShakeViewController.xib in Resources */ = {isa = PBXBuildFile; fileRef = D47D9155195EA32B00401724 /* MGHappyShakeViewController.xib */; };
		D47D9175195EAB8B00401724 /* dice_1.png in Resources */ = {isa = PBXBuildFile; fileRef = D47D916B195EAB8B00401724 /* dice_1.png */; };
		D47D9176195EAB8B00401724 /* dice_2.png in Resources */ = {isa = PBXBuildFile; fileRef = D47D916C195EAB8B00401724 /* dice_2.png */; };
		D47D9177195EAB8B00401724 /* dice_3.png in Resources */ = {isa = PBXBuildFile; fileRef = D47D916D195EAB8B00401724 /* dice_3.png */; };
		D47D9178195EAB8B00401724 /* dice_4.png in Resources */ = {isa = PBXBuildFile; fileRef = D47D916E195EAB8B00401724 /* dice_4.png */; };
		D47D9179195EAB8B00401724 /* dice_5.png in Resources */ = {isa = PBXBuildFile; fileRef = D47D916F195EAB8B00401724 /* dice_5.png */; };
		D47D917A195EAB8B00401724 /* dice_6.png in Resources */ = {isa = PBXBuildFile; fileRef = D47D9170195EAB8B00401724 /* dice_6.png */; };
		D47D917B195EAB8B00401724 /* dice_Action_0.png in Resources */ = {isa = PBXBuildFile; fileRef = D47D9171195EAB8B00401724 /* dice_Action_0.png */; };
		D47D917C195EAB8B00401724 /* dice_Action_1.png in Resources */ = {isa = PBXBuildFile; fileRef = D47D9172195EAB8B00401724 /* dice_Action_1.png */; };
		D47D917D195EAB8B00401724 /* dice_Action_2.png in Resources */ = {isa = PBXBuildFile; fileRef = D47D9173195EAB8B00401724 /* dice_Action_2.png */; };
		D47D917E195EAB8B00401724 /* dice_Action_3.png in Resources */ = {isa = PBXBuildFile; fileRef = D47D9174195EAB8B00401724 /* dice_Action_3.png */; };
/* End PBXBuildFile section */

/* Begin PBXFileReference section */
		4C14DC76195EB6A10012C0AD /* MGFriendsExpandView.h */ = {isa = PBXFileReference; fileEncoding = 4; lastKnownFileType = sourcecode.c.h; path = MGFriendsExpandView.h; sourceTree = "<group>"; };
		4C14DC77195EB6A10012C0AD /* MGFriendsExpandView.m */ = {isa = PBXFileReference; fileEncoding = 4; lastKnownFileType = sourcecode.c.objc; path = MGFriendsExpandView.m; sourceTree = "<group>"; };
		4C14DC78195EB6A10012C0AD /* MGFriendsExpandViewController.h */ = {isa = PBXFileReference; fileEncoding = 4; lastKnownFileType = sourcecode.c.h; path = MGFriendsExpandViewController.h; sourceTree = "<group>"; };
		4C14DC79195EB6A10012C0AD /* MGFriendsExpandViewController.m */ = {isa = PBXFileReference; fileEncoding = 4; lastKnownFileType = sourcecode.c.objc; path = MGFriendsExpandViewController.m; sourceTree = "<group>"; };
		84695FD1195E695B00C762B9 /* MultipeerGame.app */ = {isa = PBXFileReference; explicitFileType = wrapper.application; includeInIndex = 0; path = MultipeerGame.app; sourceTree = BUILT_PRODUCTS_DIR; };
		84695FD4195E695B00C762B9 /* Foundation.framework */ = {isa = PBXFileReference; lastKnownFileType = wrapper.framework; name = Foundation.framework; path = System/Library/Frameworks/Foundation.framework; sourceTree = SDKROOT; };
		84695FD6195E695B00C762B9 /* CoreGraphics.framework */ = {isa = PBXFileReference; lastKnownFileType = wrapper.framework; name = CoreGraphics.framework; path = System/Library/Frameworks/CoreGraphics.framework; sourceTree = SDKROOT; };
		84695FD8195E695B00C762B9 /* UIKit.framework */ = {isa = PBXFileReference; lastKnownFileType = wrapper.framework; name = UIKit.framework; path = System/Library/Frameworks/UIKit.framework; sourceTree = SDKROOT; };
		84695FDC195E695B00C762B9 /* MultipeerGame-Info.plist */ = {isa = PBXFileReference; lastKnownFileType = text.plist.xml; path = "MultipeerGame-Info.plist"; sourceTree = "<group>"; };
		84695FDE195E695B00C762B9 /* en */ = {isa = PBXFileReference; lastKnownFileType = text.plist.strings; name = en; path = en.lproj/InfoPlist.strings; sourceTree = "<group>"; };
		84695FE0195E695B00C762B9 /* main.m */ = {isa = PBXFileReference; lastKnownFileType = sourcecode.c.objc; path = main.m; sourceTree = "<group>"; };
		84695FE2195E695B00C762B9 /* MultipeerGame-Prefix.pch */ = {isa = PBXFileReference; lastKnownFileType = sourcecode.c.h; path = "MultipeerGame-Prefix.pch"; sourceTree = "<group>"; };
		84695FE3195E695B00C762B9 /* MGAppDelegate.h */ = {isa = PBXFileReference; lastKnownFileType = sourcecode.c.h; path = MGAppDelegate.h; sourceTree = "<group>"; };
		84695FE4195E695B00C762B9 /* MGAppDelegate.m */ = {isa = PBXFileReference; lastKnownFileType = sourcecode.c.objc; path = MGAppDelegate.m; sourceTree = "<group>"; };
		84695FE7195E695B00C762B9 /* Base */ = {isa = PBXFileReference; lastKnownFileType = file.storyboard; name = Base; path = Base.lproj/Main.storyboard; sourceTree = "<group>"; };
		84695FE9195E695B00C762B9 /* MGViewController.h */ = {isa = PBXFileReference; lastKnownFileType = sourcecode.c.h; path = MGViewController.h; sourceTree = "<group>"; };
		84695FEA195E695B00C762B9 /* MGViewController.m */ = {isa = PBXFileReference; lastKnownFileType = sourcecode.c.objc; path = MGViewController.m; sourceTree = "<group>"; };
		84695FEC195E695B00C762B9 /* Images.xcassets */ = {isa = PBXFileReference; lastKnownFileType = folder.assetcatalog; path = Images.xcassets; sourceTree = "<group>"; };
		84695FF3195E695B00C762B9 /* XCTest.framework */ = {isa = PBXFileReference; lastKnownFileType = wrapper.framework; name = XCTest.framework; path = Library/Frameworks/XCTest.framework; sourceTree = DEVELOPER_DIR; };
		8469600A195E69F900C762B9 /* SessionHelper.h */ = {isa = PBXFileReference; fileEncoding = 4; lastKnownFileType = sourcecode.c.h; path = SessionHelper.h; sourceTree = "<group>"; };
		8469600B195E69F900C762B9 /* SessionHelper.m */ = {isa = PBXFileReference; fileEncoding = 4; lastKnownFileType = sourcecode.c.objc; path = SessionHelper.m; sourceTree = "<group>"; };
		8469600E195E8E0B00C762B9 /* MGRoomViewController.h */ = {isa = PBXFileReference; fileEncoding = 4; lastKnownFileType = sourcecode.c.h; path = MGRoomViewController.h; sourceTree = "<group>"; };
		8469600F195E8E0B00C762B9 /* MGRoomViewController.m */ = {isa = PBXFileReference; fileEncoding = 4; lastKnownFileType = sourcecode.c.objc; path = MGRoomViewController.m; sourceTree = "<group>"; };
		D47D9153195EA32B00401724 /* MGHappyShakeViewController.h */ = {isa = PBXFileReference; fileEncoding = 4; lastKnownFileType = sourcecode.c.h; path = MGHappyShakeViewController.h; sourceTree = "<group>"; };
		D47D9154195EA32B00401724 /* MGHappyShakeViewController.m */ = {isa = PBXFileReference; fileEncoding = 4; lastKnownFileType = sourcecode.c.objc; path = MGHappyShakeViewController.m; sourceTree = "<group>"; };
		D47D9155195EA32B00401724 /* MGHappyShakeViewController.xib */ = {isa = PBXFileReference; fileEncoding = 4; lastKnownFileType = file.xib; path = MGHappyShakeViewController.xib; sourceTree = "<group>"; };
		D47D916B195EAB8B00401724 /* dice_1.png */ = {isa = PBXFileReference; lastKnownFileType = image.png; path = dice_1.png; sourceTree = "<group>"; };
		D47D916C195EAB8B00401724 /* dice_2.png */ = {isa = PBXFileReference; lastKnownFileType = image.png; path = dice_2.png; sourceTree = "<group>"; };
		D47D916D195EAB8B00401724 /* dice_3.png */ = {isa = PBXFileReference; lastKnownFileType = image.png; path = dice_3.png; sourceTree = "<group>"; };
		D47D916E195EAB8B00401724 /* dice_4.png */ = {isa = PBXFileReference; lastKnownFileType = image.png; path = dice_4.png; sourceTree = "<group>"; };
		D47D916F195EAB8B00401724 /* dice_5.png */ = {isa = PBXFileReference; lastKnownFileType = image.png; path = dice_5.png; sourceTree = "<group>"; };
		D47D9170195EAB8B00401724 /* dice_6.png */ = {isa = PBXFileReference; lastKnownFileType = image.png; path = dice_6.png; sourceTree = "<group>"; };
		D47D9171195EAB8B00401724 /* dice_Action_0.png */ = {isa = PBXFileReference; lastKnownFileType = image.png; path = dice_Action_0.png; sourceTree = "<group>"; };
		D47D9172195EAB8B00401724 /* dice_Action_1.png */ = {isa = PBXFileReference; lastKnownFileType = image.png; path = dice_Action_1.png; sourceTree = "<group>"; };
		D47D9173195EAB8B00401724 /* dice_Action_2.png */ = {isa = PBXFileReference; lastKnownFileType = image.png; path = dice_Action_2.png; sourceTree = "<group>"; };
		D47D9174195EAB8B00401724 /* dice_Action_3.png */ = {isa = PBXFileReference; lastKnownFileType = image.png; path = dice_Action_3.png; sourceTree = "<group>"; };
/* End PBXFileReference section */

/* Begin PBXFrameworksBuildPhase section */
		84695FCE195E695B00C762B9 /* Frameworks */ = {
			isa = PBXFrameworksBuildPhase;
			buildActionMask = 2147483647;
			files = (
				84695FD7195E695B00C762B9 /* CoreGraphics.framework in Frameworks */,
				84695FD9195E695B00C762B9 /* UIKit.framework in Frameworks */,
				84695FD5195E695B00C762B9 /* Foundation.framework in Frameworks */,
			);
			runOnlyForDeploymentPostprocessing = 0;
		};
/* End PBXFrameworksBuildPhase section */

/* Begin PBXGroup section */
		84695FC8195E695B00C762B9 = {
			isa = PBXGroup;
			children = (
				84695FDA195E695B00C762B9 /* MultipeerGame */,
				84695FD3195E695B00C762B9 /* Frameworks */,
				84695FD2195E695B00C762B9 /* Products */,
			);
			sourceTree = "<group>";
		};
		84695FD2195E695B00C762B9 /* Products */ = {
			isa = PBXGroup;
			children = (
				84695FD1195E695B00C762B9 /* MultipeerGame.app */,
			);
			name = Products;
			sourceTree = "<group>";
		};
		84695FD3195E695B00C762B9 /* Frameworks */ = {
			isa = PBXGroup;
			children = (
				84695FD4195E695B00C762B9 /* Foundation.framework */,
				84695FD6195E695B00C762B9 /* CoreGraphics.framework */,
				84695FD8195E695B00C762B9 /* UIKit.framework */,
				84695FF3195E695B00C762B9 /* XCTest.framework */,
			);
			name = Frameworks;
			sourceTree = "<group>";
		};
		84695FDA195E695B00C762B9 /* MultipeerGame */ = {
			isa = PBXGroup;
			children = (
				4C14DC76195EB6A10012C0AD /* MGFriendsExpandView.h */,
				4C14DC77195EB6A10012C0AD /* MGFriendsExpandView.m */,
				4C14DC78195EB6A10012C0AD /* MGFriendsExpandViewController.h */,
				4C14DC79195EB6A10012C0AD /* MGFriendsExpandViewController.m */,
				84695FEC195E695B00C762B9 /* Images.xcassets */,
				84695FE6195E695B00C762B9 /* Main.storyboard */,
				84695FE3195E695B00C762B9 /* MGAppDelegate.h */,
				84695FE4195E695B00C762B9 /* MGAppDelegate.m */,
				D47D9153195EA32B00401724 /* MGHappyShakeViewController.h */,
				D47D9154195EA32B00401724 /* MGHappyShakeViewController.m */,
				D47D9155195EA32B00401724 /* MGHappyShakeViewController.xib */,
				8469600E195E8E0B00C762B9 /* MGRoomViewController.h */,
				8469600F195E8E0B00C762B9 /* MGRoomViewController.m */,
				84695FE9195E695B00C762B9 /* MGViewController.h */,
				84695FEA195E695B00C762B9 /* MGViewController.m */,
				84696009195E69BD00C762B9 /* NearbyNetwork */,
				84695FDB195E695B00C762B9 /* Supporting Files */,
			);
			path = MultipeerGame;
			sourceTree = "<group>";
		};
		84695FDB195E695B00C762B9 /* Supporting Files */ = {
			isa = PBXGroup;
			children = (
				D47D9158195EA82800401724 /* Images */,
				84695FDD195E695B00C762B9 /* InfoPlist.strings */,
				84695FE0195E695B00C762B9 /* main.m */,
				84695FDC195E695B00C762B9 /* MultipeerGame-Info.plist */,
				84695FE2195E695B00C762B9 /* MultipeerGame-Prefix.pch */,
			);
			name = "Supporting Files";
			sourceTree = "<group>";
		};
		84696009195E69BD00C762B9 /* NearbyNetwork */ = {
			isa = PBXGroup;
			children = (
				8469600A195E69F900C762B9 /* SessionHelper.h */,
				8469600B195E69F900C762B9 /* SessionHelper.m */,
			);
			path = NearbyNetwork;
			sourceTree = "<group>";
		};
		D47D9158195EA82800401724 /* Images */ = {
			isa = PBXGroup;
			children = (
				D47D916B195EAB8B00401724 /* dice_1.png */,
				D47D916C195EAB8B00401724 /* dice_2.png */,
				D47D916D195EAB8B00401724 /* dice_3.png */,
				D47D916E195EAB8B00401724 /* dice_4.png */,
				D47D916F195EAB8B00401724 /* dice_5.png */,
				D47D9170195EAB8B00401724 /* dice_6.png */,
				D47D9171195EAB8B00401724 /* dice_Action_0.png */,
				D47D9172195EAB8B00401724 /* dice_Action_1.png */,
				D47D9173195EAB8B00401724 /* dice_Action_2.png */,
				D47D9174195EAB8B00401724 /* dice_Action_3.png */,
			);
			path = Images;
			sourceTree = "<group>";
		};
/* End PBXGroup section */

/* Begin PBXNativeTarget section */
		84695FD0195E695B00C762B9 /* MultipeerGame */ = {
			isa = PBXNativeTarget;
			buildConfigurationList = 84696003195E695B00C762B9 /* Build configuration list for PBXNativeTarget "MultipeerGame" */;
			buildPhases = (
				84695FCD195E695B00C762B9 /* Sources */,
				84695FCE195E695B00C762B9 /* Frameworks */,
				84695FCF195E695B00C762B9 /* Resources */,
			);
			buildRules = (
			);
			dependencies = (
			);
			name = MultipeerGame;
			productName = MultipeerGame;
			productReference = 84695FD1195E695B00C762B9 /* MultipeerGame.app */;
			productType = "com.apple.product-type.application";
		};
/* End PBXNativeTarget section */

/* Begin PBXProject section */
		84695FC9195E695B00C762B9 /* Project object */ = {
			isa = PBXProject;
			attributes = {
				CLASSPREFIX = MG;
				LastUpgradeCheck = 0510;
				ORGANIZATIONNAME = baidubox;
				TargetAttributes = {
					84695FD0195E695B00C762B9 = {
						DevelopmentTeam = 3278YF5BMB;
					};
				};
			};
			buildConfigurationList = 84695FCC195E695B00C762B9 /* Build configuration list for PBXProject "MultipeerGame" */;
			compatibilityVersion = "Xcode 3.2";
			developmentRegion = English;
			hasScannedForEncodings = 0;
			knownRegions = (
				en,
				Base,
			);
			mainGroup = 84695FC8195E695B00C762B9;
			productRefGroup = 84695FD2195E695B00C762B9 /* Products */;
			projectDirPath = "";
			projectRoot = "";
			targets = (
				84695FD0195E695B00C762B9 /* MultipeerGame */,
			);
		};
/* End PBXProject section */

/* Begin PBXResourcesBuildPhase section */
		84695FCF195E695B00C762B9 /* Resources */ = {
			isa = PBXResourcesBuildPhase;
			buildActionMask = 2147483647;
			files = (
				D47D917E195EAB8B00401724 /* dice_Action_3.png in Resources */,
				84695FED195E695B00C762B9 /* Images.xcassets in Resources */,
				D47D9176195EAB8B00401724 /* dice_2.png in Resources */,
				D47D917C195EAB8B00401724 /* dice_Action_1.png in Resources */,
				84695FDF195E695B00C762B9 /* InfoPlist.strings in Resources */,
				D47D917B195EAB8B00401724 /* dice_Action_0.png in Resources */,
				D47D917A195EAB8B00401724 /* dice_6.png in Resources */,
				D47D9157195EA32B00401724 /* MGHappyShakeViewController.xib in Resources */,
				D47D917D195EAB8B00401724 /* dice_Action_2.png in Resources */,
				D47D9177195EAB8B00401724 /* dice_3.png in Resources */,
				D47D9178195EAB8B00401724 /* dice_4.png in Resources */,
				D47D9175195EAB8B00401724 /* dice_1.png in Resources */,
				D47D9179195EAB8B00401724 /* dice_5.png in Resources */,
				84695FE8195E695B00C762B9 /* Main.storyboard in Resources */,
			);
			runOnlyForDeploymentPostprocessing = 0;
		};
/* End PBXResourcesBuildPhase section */

/* Begin PBXSourcesBuildPhase section */
		84695FCD195E695B00C762B9 /* Sources */ = {
			isa = PBXSourcesBuildPhase;
			buildActionMask = 2147483647;
			files = (
				4C14DC7B195EB6A10012C0AD /* MGFriendsExpandViewController.m in Sources */,
				84695FE5195E695B00C762B9 /* MGAppDelegate.m in Sources */,
				84695FEB195E695B00C762B9 /* MGViewController.m in Sources */,
				D47D9156195EA32B00401724 /* MGHappyShakeViewController.m in Sources */,
				4C14DC7A195EB6A10012C0AD /* MGFriendsExpandView.m in Sources */,
				84696010195E8E0B00C762B9 /* MGRoomViewController.m in Sources */,
				8469600C195E69F900C762B9 /* SessionHelper.m in Sources */,
				84695FE1195E695B00C762B9 /* main.m in Sources */,
			);
			runOnlyForDeploymentPostprocessing = 0;
		};
/* End PBXSourcesBuildPhase section */

/* Begin PBXVariantGroup section */
		84695FDD195E695B00C762B9 /* InfoPlist.strings */ = {
			isa = PBXVariantGroup;
			children = (
				84695FDE195E695B00C762B9 /* en */,
			);
			name = InfoPlist.strings;
			sourceTree = "<group>";
		};
		84695FE6195E695B00C762B9 /* Main.storyboard */ = {
			isa = PBXVariantGroup;
			children = (
				84695FE7195E695B00C762B9 /* Base */,
			);
			name = Main.storyboard;
			sourceTree = "<group>";
		};
/* End PBXVariantGroup section */

/* Begin XCBuildConfiguration section */
		84696001195E695B00C762B9 /* Debug */ = {
			isa = XCBuildConfiguration;
			buildSettings = {
				ALWAYS_SEARCH_USER_PATHS = NO;
				CLANG_CXX_LANGUAGE_STANDARD = "gnu++0x";
				CLANG_CXX_LIBRARY = "libc++";
				CLANG_ENABLE_MODULES = YES;
				CLANG_ENABLE_OBJC_ARC = YES;
				CLANG_WARN_BOOL_CONVERSION = YES;
				CLANG_WARN_CONSTANT_CONVERSION = YES;
				CLANG_WARN_DIRECT_OBJC_ISA_USAGE = YES_ERROR;
				CLANG_WARN_EMPTY_BODY = YES;
				CLANG_WARN_ENUM_CONVERSION = YES;
				CLANG_WARN_INT_CONVERSION = YES;
				CLANG_WARN_OBJC_ROOT_CLASS = YES_ERROR;
				CLANG_WARN__DUPLICATE_METHOD_MATCH = YES;
				"CODE_SIGN_IDENTITY[sdk=iphoneos*]" = "iPhone Developer: wang cong (HWCPYBU66F)";
				COPY_PHASE_STRIP = NO;
				GCC_C_LANGUAGE_STANDARD = gnu99;
				GCC_DYNAMIC_NO_PIC = NO;
				GCC_OPTIMIZATION_LEVEL = 0;
				GCC_PREPROCESSOR_DEFINITIONS = (
					"DEBUG=1",
					"$(inherited)",
				);
				GCC_SYMBOLS_PRIVATE_EXTERN = NO;
				GCC_WARN_64_TO_32_BIT_CONVERSION = YES;
				GCC_WARN_ABOUT_RETURN_TYPE = YES_ERROR;
				GCC_WARN_UNDECLARED_SELECTOR = YES;
				GCC_WARN_UNINITIALIZED_AUTOS = YES_AGGRESSIVE;
				GCC_WARN_UNUSED_FUNCTION = YES;
				GCC_WARN_UNUSED_VARIABLE = YES;
				IPHONEOS_DEPLOYMENT_TARGET = 7.0;
				ONLY_ACTIVE_ARCH = YES;
				PROVISIONING_PROFILE = "21ED0E94-38FF-44C8-94F3-559F69780962";
				SDKROOT = iphoneos;
			};
			name = Debug;
		};
		84696002195E695B00C762B9 /* Release */ = {
			isa = XCBuildConfiguration;
			buildSettings = {
				ALWAYS_SEARCH_USER_PATHS = NO;
				CLANG_CXX_LANGUAGE_STANDARD = "gnu++0x";
				CLANG_CXX_LIBRARY = "libc++";
				CLANG_ENABLE_MODULES = YES;
				CLANG_ENABLE_OBJC_ARC = YES;
				CLANG_WARN_BOOL_CONVERSION = YES;
				CLANG_WARN_CONSTANT_CONVERSION = YES;
				CLANG_WARN_DIRECT_OBJC_ISA_USAGE = YES_ERROR;
				CLANG_WARN_EMPTY_BODY = YES;
				CLANG_WARN_ENUM_CONVERSION = YES;
				CLANG_WARN_INT_CONVERSION = YES;
				CLANG_WARN_OBJC_ROOT_CLASS = YES_ERROR;
				CLANG_WARN__DUPLICATE_METHOD_MATCH = YES;
				"CODE_SIGN_IDENTITY[sdk=iphoneos*]" = "iPhone Developer";
				COPY_PHASE_STRIP = YES;
				ENABLE_NS_ASSERTIONS = NO;
				GCC_C_LANGUAGE_STANDARD = gnu99;
				GCC_WARN_64_TO_32_BIT_CONVERSION = YES;
				GCC_WARN_ABOUT_RETURN_TYPE = YES_ERROR;
				GCC_WARN_UNDECLARED_SELECTOR = YES;
				GCC_WARN_UNINITIALIZED_AUTOS = YES_AGGRESSIVE;
				GCC_WARN_UNUSED_FUNCTION = YES;
				GCC_WARN_UNUSED_VARIABLE = YES;
				IPHONEOS_DEPLOYMENT_TARGET = 7.0;
				SDKROOT = iphoneos;
				VALIDATE_PRODUCT = YES;
			};
			name = Release;
		};
		84696004195E695B00C762B9 /* Debug */ = {
			isa = XCBuildConfiguration;
			buildSettings = {
				ASSETCATALOG_COMPILER_APPICON_NAME = AppIcon;
				ASSETCATALOG_COMPILER_LAUNCHIMAGE_NAME = LaunchImage;
				CODE_SIGN_IDENTITY = "iPhone Developer";
				"CODE_SIGN_IDENTITY[sdk=iphoneos*]" = "iPhone Developer";
				GCC_PRECOMPILE_PREFIX_HEADER = YES;
				GCC_PREFIX_HEADER = "MultipeerGame/MultipeerGame-Prefix.pch";
				INFOPLIST_FILE = "MultipeerGame/MultipeerGame-Info.plist";
				IPHONEOS_DEPLOYMENT_TARGET = 7.0;
				PRODUCT_NAME = "$(TARGET_NAME)";
				PROVISIONING_PROFILE = "21ED0E94-38FF-44C8-94F3-559F69780962";
				WRAPPER_EXTENSION = app;
			};
			name = Debug;
		};
		84696005195E695B00C762B9 /* Release */ = {
			isa = XCBuildConfiguration;
			buildSettings = {
				ASSETCATALOG_COMPILER_APPICON_NAME = AppIcon;
				ASSETCATALOG_COMPILER_LAUNCHIMAGE_NAME = LaunchImage;
				CODE_SIGN_IDENTITY = "iPhone Developer";
				"CODE_SIGN_IDENTITY[sdk=iphoneos*]" = "iPhone Developer";
				GCC_PRECOMPILE_PREFIX_HEADER = YES;
				GCC_PREFIX_HEADER = "MultipeerGame/MultipeerGame-Prefix.pch";
				INFOPLIST_FILE = "MultipeerGame/MultipeerGame-Info.plist";
				IPHONEOS_DEPLOYMENT_TARGET = 7.0;
				PRODUCT_NAME = "$(TARGET_NAME)";
				PROVISIONING_PROFILE = "21ED0E94-38FF-44C8-94F3-559F69780962";
				WRAPPER_EXTENSION = app;
			};
			name = Release;
		};
/* End XCBuildConfiguration section */

/* Begin XCConfigurationList section */
		84695FCC195E695B00C762B9 /* Build configuration list for PBXProject "MultipeerGame" */ = {
			isa = XCConfigurationList;
			buildConfigurations = (
				84696001195E695B00C762B9 /* Debug */,
				84696002195E695B00C762B9 /* Release */,
			);
			defaultConfigurationIsVisible = 0;
			defaultConfigurationName = Release;
		};
		84696003195E695B00C762B9 /* Build configuration list for PBXNativeTarget "MultipeerGame" */ = {
			isa = XCConfigurationList;
			buildConfigurations = (
				84696004195E695B00C762B9 /* Debug */,
				84696005195E695B00C762B9 /* Release */,
			);
			defaultConfigurationIsVisible = 0;
			defaultConfigurationName = Release;
		};
/* End XCConfigurationList section */
	};
	rootObject = 84695FC9195E695B00C762B9 /* Project object */;
}
